// !$*UTF8*$!
{
	archiveVersion = 1;
	classes = {
	};
	objectVersion = 50;
	objects = {

/* Begin PBXBuildFile section */
		679C7A382660A4B900FA4F14 /* AppDelegate.swift in Sources */ = {isa = PBXBuildFile; fileRef = 679C7A372660A4B900FA4F14 /* AppDelegate.swift */; };
		679C7A3A2660A4B900FA4F14 /* SceneDelegate.swift in Sources */ = {isa = PBXBuildFile; fileRef = 679C7A392660A4B900FA4F14 /* SceneDelegate.swift */; };
		679C7A3C2660A4B900FA4F14 /* ViewController.swift in Sources */ = {isa = PBXBuildFile; fileRef = 679C7A3B2660A4B900FA4F14 /* ViewController.swift */; };
		679C7A3F2660A4B900FA4F14 /* Main.storyboard in Resources */ = {isa = PBXBuildFile; fileRef = 679C7A3D2660A4B900FA4F14 /* Main.storyboard */; };
		679C7A422660A4B900FA4F14 /* ZaloAIIntergration.xcdatamodeld in Sources */ = {isa = PBXBuildFile; fileRef = 679C7A402660A4B900FA4F14 /* ZaloAIIntergration.xcdatamodeld */; };
		679C7A442660A4BA00FA4F14 /* Assets.xcassets in Resources */ = {isa = PBXBuildFile; fileRef = 679C7A432660A4BA00FA4F14 /* Assets.xcassets */; };
		679C7A472660A4BA00FA4F14 /* LaunchScreen.storyboard in Resources */ = {isa = PBXBuildFile; fileRef = 679C7A452660A4BA00FA4F14 /* LaunchScreen.storyboard */; };
		679C7A522660A4BA00FA4F14 /* ZaloAIIntergrationTests.swift in Sources */ = {isa = PBXBuildFile; fileRef = 679C7A512660A4BA00FA4F14 /* ZaloAIIntergrationTests.swift */; };
		679C7A5D2660A4BA00FA4F14 /* ZaloAIIntergrationUITests.swift in Sources */ = {isa = PBXBuildFile; fileRef = 679C7A5C2660A4BA00FA4F14 /* ZaloAIIntergrationUITests.swift */; };
/* End PBXBuildFile section */

/* Begin PBXContainerItemProxy section */
		679C7A4E2660A4BA00FA4F14 /* PBXContainerItemProxy */ = {
			isa = PBXContainerItemProxy;
			containerPortal = 679C7A2C2660A4B900FA4F14 /* Project object */;
			proxyType = 1;
			remoteGlobalIDString = 679C7A332660A4B900FA4F14;
			remoteInfo = ZaloAIIntergration;
		};
		679C7A592660A4BA00FA4F14 /* PBXContainerItemProxy */ = {
			isa = PBXContainerItemProxy;
			containerPortal = 679C7A2C2660A4B900FA4F14 /* Project object */;
			proxyType = 1;
			remoteGlobalIDString = 679C7A332660A4B900FA4F14;
			remoteInfo = ZaloAIIntergration;
		};
/* End PBXContainerItemProxy section */

/* Begin PBXFileReference section */
		679C7A342660A4B900FA4F14 /* ZaloAIIntergration.app */ = {isa = PBXFileReference; explicitFileType = wrapper.application; includeInIndex = 0; path = ZaloAIIntergration.app; sourceTree = BUILT_PRODUCTS_DIR; };
		679C7A372660A4B900FA4F14 /* AppDelegate.swift */ = {isa = PBXFileReference; lastKnownFileType = sourcecode.swift; path = AppDelegate.swift; sourceTree = "<group>"; };
		679C7A392660A4B900FA4F14 /* SceneDelegate.swift */ = {isa = PBXFileReference; lastKnownFileType = sourcecode.swift; path = SceneDelegate.swift; sourceTree = "<group>"; };
		679C7A3B2660A4B900FA4F14 /* ViewController.swift */ = {isa = PBXFileReference; lastKnownFileType = sourcecode.swift; path = ViewController.swift; sourceTree = "<group>"; };
		679C7A3E2660A4B900FA4F14 /* Base */ = {isa = PBXFileReference; lastKnownFileType = file.storyboard; name = Base; path = Base.lproj/Main.storyboard; sourceTree = "<group>"; };
		679C7A412660A4B900FA4F14 /* ZaloAIIntergration.xcdatamodel */ = {isa = PBXFileReference; lastKnownFileType = wrapper.xcdatamodel; path = ZaloAIIntergration.xcdatamodel; sourceTree = "<group>"; };
		679C7A432660A4BA00FA4F14 /* Assets.xcassets */ = {isa = PBXFileReference; lastKnownFileType = folder.assetcatalog; path = Assets.xcassets; sourceTree = "<group>"; };
		679C7A462660A4BA00FA4F14 /* Base */ = {isa = PBXFileReference; lastKnownFileType = file.storyboard; name = Base; path = Base.lproj/LaunchScreen.storyboard; sourceTree = "<group>"; };
		679C7A482660A4BA00FA4F14 /* Info.plist */ = {isa = PBXFileReference; lastKnownFileType = text.plist.xml; path = Info.plist; sourceTree = "<group>"; };
		679C7A4D2660A4BA00FA4F14 /* ZaloAIIntergrationTests.xctest */ = {isa = PBXFileReference; explicitFileType = wrapper.cfbundle; includeInIndex = 0; path = ZaloAIIntergrationTests.xctest; sourceTree = BUILT_PRODUCTS_DIR; };
		679C7A512660A4BA00FA4F14 /* ZaloAIIntergrationTests.swift */ = {isa = PBXFileReference; lastKnownFileType = sourcecode.swift; path = ZaloAIIntergrationTests.swift; sourceTree = "<group>"; };
		679C7A532660A4BA00FA4F14 /* Info.plist */ = {isa = PBXFileReference; lastKnownFileType = text.plist.xml; path = Info.plist; sourceTree = "<group>"; };
		679C7A582660A4BA00FA4F14 /* ZaloAIIntergrationUITests.xctest */ = {isa = PBXFileReference; explicitFileType = wrapper.cfbundle; includeInIndex = 0; path = ZaloAIIntergrationUITests.xctest; sourceTree = BUILT_PRODUCTS_DIR; };
		679C7A5C2660A4BA00FA4F14 /* ZaloAIIntergrationUITests.swift */ = {isa = PBXFileReference; lastKnownFileType = sourcecode.swift; path = ZaloAIIntergrationUITests.swift; sourceTree = "<group>"; };
		679C7A5E2660A4BA00FA4F14 /* Info.plist */ = {isa = PBXFileReference; lastKnownFileType = text.plist.xml; path = Info.plist; sourceTree = "<group>"; };
/* End PBXFileReference section */

/* Begin PBXFrameworksBuildPhase section */
		679C7A312660A4B900FA4F14 /* Frameworks */ = {
			isa = PBXFrameworksBuildPhase;
			buildActionMask = 2147483647;
			files = (
			);
			runOnlyForDeploymentPostprocessing = 0;
		};
		679C7A4A2660A4BA00FA4F14 /* Frameworks */ = {
			isa = PBXFrameworksBuildPhase;
			buildActionMask = 2147483647;
			files = (
			);
			runOnlyForDeploymentPostprocessing = 0;
		};
		679C7A552660A4BA00FA4F14 /* Frameworks */ = {
			isa = PBXFrameworksBuildPhase;
			buildActionMask = 2147483647;
			files = (
			);
			runOnlyForDeploymentPostprocessing = 0;
		};
/* End PBXFrameworksBuildPhase section */

/* Begin PBXGroup section */
		679C7A2B2660A4B900FA4F14 = {
			isa = PBXGroup;
			children = (
				679C7A362660A4B900FA4F14 /* ZaloAIIntergration */,
				679C7A502660A4BA00FA4F14 /* ZaloAIIntergrationTests */,
				679C7A5B2660A4BA00FA4F14 /* ZaloAIIntergrationUITests */,
				679C7A352660A4B900FA4F14 /* Products */,
			);
			sourceTree = "<group>";
		};
		679C7A352660A4B900FA4F14 /* Products */ = {
			isa = PBXGroup;
			children = (
				679C7A342660A4B900FA4F14 /* ZaloAIIntergration.app */,
				679C7A4D2660A4BA00FA4F14 /* ZaloAIIntergrationTests.xctest */,
				679C7A582660A4BA00FA4F14 /* ZaloAIIntergrationUITests.xctest */,
			);
			name = Products;
			sourceTree = "<group>";
		};
		679C7A362660A4B900FA4F14 /* ZaloAIIntergration */ = {
			isa = PBXGroup;
			children = (
				679C7A372660A4B900FA4F14 /* AppDelegate.swift */,
				679C7A392660A4B900FA4F14 /* SceneDelegate.swift */,
				679C7A3B2660A4B900FA4F14 /* ViewController.swift */,
				679C7A3D2660A4B900FA4F14 /* Main.storyboard */,
				679C7A432660A4BA00FA4F14 /* Assets.xcassets */,
				679C7A452660A4BA00FA4F14 /* LaunchScreen.storyboard */,
				679C7A482660A4BA00FA4F14 /* Info.plist */,
				679C7A402660A4B900FA4F14 /* ZaloAIIntergration.xcdatamodeld */,
			);
			path = ZaloAIIntergration;
			sourceTree = "<group>";
		};
		679C7A502660A4BA00FA4F14 /* ZaloAIIntergrationTests */ = {
			isa = PBXGroup;
			children = (
				679C7A512660A4BA00FA4F14 /* ZaloAIIntergrationTests.swift */,
				679C7A532660A4BA00FA4F14 /* Info.plist */,
			);
			path = ZaloAIIntergrationTests;
			sourceTree = "<group>";
		};
		679C7A5B2660A4BA00FA4F14 /* ZaloAIIntergrationUITests */ = {
			isa = PBXGroup;
			children = (
				679C7A5C2660A4BA00FA4F14 /* ZaloAIIntergrationUITests.swift */,
				679C7A5E2660A4BA00FA4F14 /* Info.plist */,
			);
			path = ZaloAIIntergrationUITests;
			sourceTree = "<group>";
		};
/* End PBXGroup section */

/* Begin PBXNativeTarget section */
		679C7A332660A4B900FA4F14 /* ZaloAIIntergration */ = {
			isa = PBXNativeTarget;
			buildConfigurationList = 679C7A612660A4BA00FA4F14 /* Build configuration list for PBXNativeTarget "ZaloAIIntergration" */;
			buildPhases = (
				679C7A302660A4B900FA4F14 /* Sources */,
				679C7A312660A4B900FA4F14 /* Frameworks */,
				679C7A322660A4B900FA4F14 /* Resources */,
			);
			buildRules = (
			);
			dependencies = (
			);
			name = ZaloAIIntergration;
			productName = ZaloAIIntergration;
			productReference = 679C7A342660A4B900FA4F14 /* ZaloAIIntergration.app */;
			productType = "com.apple.product-type.application";
		};
		679C7A4C2660A4BA00FA4F14 /* ZaloAIIntergrationTests */ = {
			isa = PBXNativeTarget;
			buildConfigurationList = 679C7A642660A4BA00FA4F14 /* Build configuration list for PBXNativeTarget "ZaloAIIntergrationTests" */;
			buildPhases = (
				679C7A492660A4BA00FA4F14 /* Sources */,
				679C7A4A2660A4BA00FA4F14 /* Frameworks */,
				679C7A4B2660A4BA00FA4F14 /* Resources */,
			);
			buildRules = (
			);
			dependencies = (
				679C7A4F2660A4BA00FA4F14 /* PBXTargetDependency */,
			);
			name = ZaloAIIntergrationTests;
			productName = ZaloAIIntergrationTests;
			productReference = 679C7A4D2660A4BA00FA4F14 /* ZaloAIIntergrationTests.xctest */;
			productType = "com.apple.product-type.bundle.unit-test";
		};
		679C7A572660A4BA00FA4F14 /* ZaloAIIntergrationUITests */ = {
			isa = PBXNativeTarget;
			buildConfigurationList = 679C7A672660A4BA00FA4F14 /* Build configuration list for PBXNativeTarget "ZaloAIIntergrationUITests" */;
			buildPhases = (
				679C7A542660A4BA00FA4F14 /* Sources */,
				679C7A552660A4BA00FA4F14 /* Frameworks */,
				679C7A562660A4BA00FA4F14 /* Resources */,
			);
			buildRules = (
			);
			dependencies = (
				679C7A5A2660A4BA00FA4F14 /* PBXTargetDependency */,
			);
			name = ZaloAIIntergrationUITests;
			productName = ZaloAIIntergrationUITests;
			productReference = 679C7A582660A4BA00FA4F14 /* ZaloAIIntergrationUITests.xctest */;
			productType = "com.apple.product-type.bundle.ui-testing";
		};
/* End PBXNativeTarget section */

/* Begin PBXProject section */
		679C7A2C2660A4B900FA4F14 /* Project object */ = {
			isa = PBXProject;
			attributes = {
				LastSwiftUpdateCheck = 1210;
				LastUpgradeCheck = 1210;
				TargetAttributes = {
					679C7A332660A4B900FA4F14 = {
						CreatedOnToolsVersion = 12.1;
					};
					679C7A4C2660A4BA00FA4F14 = {
						CreatedOnToolsVersion = 12.1;
						TestTargetID = 679C7A332660A4B900FA4F14;
					};
					679C7A572660A4BA00FA4F14 = {
						CreatedOnToolsVersion = 12.1;
						TestTargetID = 679C7A332660A4B900FA4F14;
					};
				};
			};
			buildConfigurationList = 679C7A2F2660A4B900FA4F14 /* Build configuration list for PBXProject "ZaloAIIntergration" */;
			compatibilityVersion = "Xcode 9.3";
			developmentRegion = en;
			hasScannedForEncodings = 0;
			knownRegions = (
				en,
				Base,
			);
			mainGroup = 679C7A2B2660A4B900FA4F14;
			productRefGroup = 679C7A352660A4B900FA4F14 /* Products */;
			projectDirPath = "";
			projectRoot = "";
			targets = (
				679C7A332660A4B900FA4F14 /* ZaloAIIntergration */,
				679C7A4C2660A4BA00FA4F14 /* ZaloAIIntergrationTests */,
				679C7A572660A4BA00FA4F14 /* ZaloAIIntergrationUITests */,
			);
		};
/* End PBXProject section */

/* Begin PBXResourcesBuildPhase section */
		679C7A322660A4B900FA4F14 /* Resources */ = {
			isa = PBXResourcesBuildPhase;
			buildActionMask = 2147483647;
			files = (
				679C7A472660A4BA00FA4F14 /* LaunchScreen.storyboard in Resources */,
				679C7A442660A4BA00FA4F14 /* Assets.xcassets in Resources */,
				679C7A3F2660A4B900FA4F14 /* Main.storyboard in Resources */,
			);
			runOnlyForDeploymentPostprocessing = 0;
		};
		679C7A4B2660A4BA00FA4F14 /* Resources */ = {
			isa = PBXResourcesBuildPhase;
			buildActionMask = 2147483647;
			files = (
			);
			runOnlyForDeploymentPostprocessing = 0;
		};
		679C7A562660A4BA00FA4F14 /* Resources */ = {
			isa = PBXResourcesBuildPhase;
			buildActionMask = 2147483647;
			files = (
			);
			runOnlyForDeploymentPostprocessing = 0;
		};
/* End PBXResourcesBuildPhase section */

/* Begin PBXSourcesBuildPhase section */
		679C7A302660A4B900FA4F14 /* Sources */ = {
			isa = PBXSourcesBuildPhase;
			buildActionMask = 2147483647;
			files = (
				679C7A3C2660A4B900FA4F14 /* ViewController.swift in Sources */,
				679C7A422660A4B900FA4F14 /* ZaloAIIntergration.xcdatamodeld in Sources */,
				679C7A382660A4B900FA4F14 /* AppDelegate.swift in Sources */,
				679C7A3A2660A4B900FA4F14 /* SceneDelegate.swift in Sources */,
			);
			runOnlyForDeploymentPostprocessing = 0;
		};
		679C7A492660A4BA00FA4F14 /* Sources */ = {
			isa = PBXSourcesBuildPhase;
			buildActionMask = 2147483647;
			files = (
				679C7A522660A4BA00FA4F14 /* ZaloAIIntergrationTests.swift in Sources */,
			);
			runOnlyForDeploymentPostprocessing = 0;
		};
		679C7A542660A4BA00FA4F14 /* Sources */ = {
			isa = PBXSourcesBuildPhase;
			buildActionMask = 2147483647;
			files = (
				679C7A5D2660A4BA00FA4F14 /* ZaloAIIntergrationUITests.swift in Sources */,
			);
			runOnlyForDeploymentPostprocessing = 0;
		};
/* End PBXSourcesBuildPhase section */

/* Begin PBXTargetDependency section */
		679C7A4F2660A4BA00FA4F14 /* PBXTargetDependency */ = {
			isa = PBXTargetDependency;
			target = 679C7A332660A4B900FA4F14 /* ZaloAIIntergration */;
			targetProxy = 679C7A4E2660A4BA00FA4F14 /* PBXContainerItemProxy */;
		};
		679C7A5A2660A4BA00FA4F14 /* PBXTargetDependency */ = {
			isa = PBXTargetDependency;
			target = 679C7A332660A4B900FA4F14 /* ZaloAIIntergration */;
			targetProxy = 679C7A592660A4BA00FA4F14 /* PBXContainerItemProxy */;
		};
/* End PBXTargetDependency section */

/* Begin PBXVariantGroup section */
		679C7A3D2660A4B900FA4F14 /* Main.storyboard */ = {
			isa = PBXVariantGroup;
			children = (
				679C7A3E2660A4B900FA4F14 /* Base */,
			);
			name = Main.storyboard;
			sourceTree = "<group>";
		};
		679C7A452660A4BA00FA4F14 /* LaunchScreen.storyboard */ = {
			isa = PBXVariantGroup;
			children = (
				679C7A462660A4BA00FA4F14 /* Base */,
			);
			name = LaunchScreen.storyboard;
			sourceTree = "<group>";
		};
/* End PBXVariantGroup section */

/* Begin XCBuildConfiguration section */
		679C7A5F2660A4BA00FA4F14 /* Debug */ = {
			isa = XCBuildConfiguration;
			buildSettings = {
				ALWAYS_SEARCH_USER_PATHS = NO;
				CLANG_ANALYZER_NONNULL = YES;
				CLANG_ANALYZER_NUMBER_OBJECT_CONVERSION = YES_AGGRESSIVE;
				CLANG_CXX_LANGUAGE_STANDARD = "gnu++14";
				CLANG_CXX_LIBRARY = "libc++";
				CLANG_ENABLE_MODULES = YES;
				CLANG_ENABLE_OBJC_ARC = YES;
				CLANG_ENABLE_OBJC_WEAK = YES;
				CLANG_WARN_BLOCK_CAPTURE_AUTORELEASING = YES;
				CLANG_WARN_BOOL_CONVERSION = YES;
				CLANG_WARN_COMMA = YES;
				CLANG_WARN_CONSTANT_CONVERSION = YES;
				CLANG_WARN_DEPRECATED_OBJC_IMPLEMENTATIONS = YES;
				CLANG_WARN_DIRECT_OBJC_ISA_USAGE = YES_ERROR;
				CLANG_WARN_DOCUMENTATION_COMMENTS = YES;
				CLANG_WARN_EMPTY_BODY = YES;
				CLANG_WARN_ENUM_CONVERSION = YES;
				CLANG_WARN_INFINITE_RECURSION = YES;
				CLANG_WARN_INT_CONVERSION = YES;
				CLANG_WARN_NON_LITERAL_NULL_CONVERSION = YES;
				CLANG_WARN_OBJC_IMPLICIT_RETAIN_SELF = YES;
				CLANG_WARN_OBJC_LITERAL_CONVERSION = YES;
				CLANG_WARN_OBJC_ROOT_CLASS = YES_ERROR;
				CLANG_WARN_QUOTED_INCLUDE_IN_FRAMEWORK_HEADER = YES;
				CLANG_WARN_RANGE_LOOP_ANALYSIS = YES;
				CLANG_WARN_STRICT_PROTOTYPES = YES;
				CLANG_WARN_SUSPICIOUS_MOVE = YES;
				CLANG_WARN_UNGUARDED_AVAILABILITY = YES_AGGRESSIVE;
				CLANG_WARN_UNREACHABLE_CODE = YES;
				CLANG_WARN__DUPLICATE_METHOD_MATCH = YES;
				COPY_PHASE_STRIP = NO;
				DEBUG_INFORMATION_FORMAT = dwarf;
				ENABLE_STRICT_OBJC_MSGSEND = YES;
				ENABLE_TESTABILITY = YES;
				GCC_C_LANGUAGE_STANDARD = gnu11;
				GCC_DYNAMIC_NO_PIC = NO;
				GCC_NO_COMMON_BLOCKS = YES;
				GCC_OPTIMIZATION_LEVEL = 0;
				GCC_PREPROCESSOR_DEFINITIONS = (
					"DEBUG=1",
					"$(inherited)",
				);
				GCC_WARN_64_TO_32_BIT_CONVERSION = YES;
				GCC_WARN_ABOUT_RETURN_TYPE = YES_ERROR;
				GCC_WARN_UNDECLARED_SELECTOR = YES;
				GCC_WARN_UNINITIALIZED_AUTOS = YES_AGGRESSIVE;
				GCC_WARN_UNUSED_FUNCTION = YES;
				GCC_WARN_UNUSED_VARIABLE = YES;
				IPHONEOS_DEPLOYMENT_TARGET = 14.1;
				MTL_ENABLE_DEBUG_INFO = INCLUDE_SOURCE;
				MTL_FAST_MATH = YES;
				ONLY_ACTIVE_ARCH = YES;
				SDKROOT = iphoneos;
				SWIFT_ACTIVE_COMPILATION_CONDITIONS = DEBUG;
				SWIFT_OPTIMIZATION_LEVEL = "-Onone";
			};
			name = Debug;
		};
		679C7A602660A4BA00FA4F14 /* Release */ = {
			isa = XCBuildConfiguration;
			buildSettings = {
				ALWAYS_SEARCH_USER_PATHS = NO;
				CLANG_ANALYZER_NONNULL = YES;
				CLANG_ANALYZER_NUMBER_OBJECT_CONVERSION = YES_AGGRESSIVE;
				CLANG_CXX_LANGUAGE_STANDARD = "gnu++14";
				CLANG_CXX_LIBRARY = "libc++";
				CLANG_ENABLE_MODULES = YES;
				CLANG_ENABLE_OBJC_ARC = YES;
				CLANG_ENABLE_OBJC_WEAK = YES;
				CLANG_WARN_BLOCK_CAPTURE_AUTORELEASING = YES;
				CLANG_WARN_BOOL_CONVERSION = YES;
				CLANG_WARN_COMMA = YES;
				CLANG_WARN_CONSTANT_CONVERSION = YES;
				CLANG_WARN_DEPRECATED_OBJC_IMPLEMENTATIONS = YES;
				CLANG_WARN_DIRECT_OBJC_ISA_USAGE = YES_ERROR;
				CLANG_WARN_DOCUMENTATION_COMMENTS = YES;
				CLANG_WARN_EMPTY_BODY = YES;
				CLANG_WARN_ENUM_CONVERSION = YES;
				CLANG_WARN_INFINITE_RECURSION = YES;
				CLANG_WARN_INT_CONVERSION = YES;
				CLANG_WARN_NON_LITERAL_NULL_CONVERSION = YES;
				CLANG_WARN_OBJC_IMPLICIT_RETAIN_SELF = YES;
				CLANG_WARN_OBJC_LITERAL_CONVERSION = YES;
				CLANG_WARN_OBJC_ROOT_CLASS = YES_ERROR;
				CLANG_WARN_QUOTED_INCLUDE_IN_FRAMEWORK_HEADER = YES;
				CLANG_WARN_RANGE_LOOP_ANALYSIS = YES;
				CLANG_WARN_STRICT_PROTOTYPES = YES;
				CLANG_WARN_SUSPICIOUS_MOVE = YES;
				CLANG_WARN_UNGUARDED_AVAILABILITY = YES_AGGRESSIVE;
				CLANG_WARN_UNREACHABLE_CODE = YES;
				CLANG_WARN__DUPLICATE_METHOD_MATCH = YES;
				COPY_PHASE_STRIP = NO;
				DEBUG_INFORMATION_FORMAT = "dwarf-with-dsym";
				ENABLE_NS_ASSERTIONS = NO;
				ENABLE_STRICT_OBJC_MSGSEND = YES;
				GCC_C_LANGUAGE_STANDARD = gnu11;
				GCC_NO_COMMON_BLOCKS = YES;
				GCC_WARN_64_TO_32_BIT_CONVERSION = YES;
				GCC_WARN_ABOUT_RETURN_TYPE = YES_ERROR;
				GCC_WARN_UNDECLARED_SELECTOR = YES;
				GCC_WARN_UNINITIALIZED_AUTOS = YES_AGGRESSIVE;
				GCC_WARN_UNUSED_FUNCTION = YES;
				GCC_WARN_UNUSED_VARIABLE = YES;
				IPHONEOS_DEPLOYMENT_TARGET = 14.1;
				MTL_ENABLE_DEBUG_INFO = NO;
				MTL_FAST_MATH = YES;
				SDKROOT = iphoneos;
				SWIFT_COMPILATION_MODE = wholemodule;
				SWIFT_OPTIMIZATION_LEVEL = "-O";
				VALIDATE_PRODUCT = YES;
			};
			name = Release;
		};
		679C7A622660A4BA00FA4F14 /* Debug */ = {
			isa = XCBuildConfiguration;
			buildSettings = {
				ASSETCATALOG_COMPILER_APPICON_NAME = AppIcon;
				ASSETCATALOG_COMPILER_GLOBAL_ACCENT_COLOR_NAME = AccentColor;
				CODE_SIGN_STYLE = Automatic;
				DEVELOPMENT_TEAM = CA9PML98UN;
				INFOPLIST_FILE = ZaloAIIntergration/Info.plist;
				LD_RUNPATH_SEARCH_PATHS = (
					"$(inherited)",
					"@executable_path/Frameworks",
				);
				PRODUCT_BUNDLE_IDENTIFIER = Apple.com.ZaloAIIntergration;
				PRODUCT_NAME = "$(TARGET_NAME)";
				SWIFT_VERSION = 5.0;
				TARGETED_DEVICE_FAMILY = "1,2";
			};
			name = Debug;
		};
		679C7A632660A4BA00FA4F14 /* Release */ = {
			isa = XCBuildConfiguration;
			buildSettings = {
				ASSETCATALOG_COMPILER_APPICON_NAME = AppIcon;
				ASSETCATALOG_COMPILER_GLOBAL_ACCENT_COLOR_NAME = AccentColor;
				CODE_SIGN_STYLE = Automatic;
				DEVELOPMENT_TEAM = CA9PML98UN;
				INFOPLIST_FILE = ZaloAIIntergration/Info.plist;
				LD_RUNPATH_SEARCH_PATHS = (
					"$(inherited)",
					"@executable_path/Frameworks",
				);
				PRODUCT_BUNDLE_IDENTIFIER = Apple.com.ZaloAIIntergration;
				PRODUCT_NAME = "$(TARGET_NAME)";
				SWIFT_VERSION = 5.0;
				TARGETED_DEVICE_FAMILY = "1,2";
			};
			name = Release;
		};
		679C7A652660A4BA00FA4F14 /* Debug */ = {
			isa = XCBuildConfiguration;
			buildSettings = {
				ALWAYS_EMBED_SWIFT_STANDARD_LIBRARIES = YES;
				BUNDLE_LOADER = "$(TEST_HOST)";
				CODE_SIGN_STYLE = Automatic;
				DEVELOPMENT_TEAM = CA9PML98UN;
				INFOPLIST_FILE = ZaloAIIntergrationTests/Info.plist;
				IPHONEOS_DEPLOYMENT_TARGET = 14.1;
				LD_RUNPATH_SEARCH_PATHS = (
					"$(inherited)",
					"@executable_path/Frameworks",
					"@loader_path/Frameworks",
				);
				PRODUCT_BUNDLE_IDENTIFIER = Apple.com.ZaloAIIntergrationTests;
				PRODUCT_NAME = "$(TARGET_NAME)";
				SWIFT_VERSION = 5.0;
				TARGETED_DEVICE_FAMILY = "1,2";
				TEST_HOST = "$(BUILT_PRODUCTS_DIR)/ZaloAIIntergration.app/ZaloAIIntergration";
			};
			name = Debug;
		};
		679C7A662660A4BA00FA4F14 /* Release */ = {
			isa = XCBuildConfiguration;
			buildSettings = {
				ALWAYS_EMBED_SWIFT_STANDARD_LIBRARIES = YES;
				BUNDLE_LOADER = "$(TEST_HOST)";
				CODE_SIGN_STYLE = Automatic;
				DEVELOPMENT_TEAM = CA9PML98UN;
				INFOPLIST_FILE = ZaloAIIntergrationTests/Info.plist;
				IPHONEOS_DEPLOYMENT_TARGET = 14.1;
				LD_RUNPATH_SEARCH_PATHS = (
					"$(inherited)",
					"@executable_path/Frameworks",
					"@loader_path/Frameworks",
				);
				PRODUCT_BUNDLE_IDENTIFIER = Apple.com.ZaloAIIntergrationTests;
				PRODUCT_NAME = "$(TARGET_NAME)";
				SWIFT_VERSION = 5.0;
				TARGETED_DEVICE_FAMILY = "1,2";
				TEST_HOST = "$(BUILT_PRODUCTS_DIR)/ZaloAIIntergration.app/ZaloAIIntergration";
			};
			name = Release;
		};
		679C7A682660A4BA00FA4F14 /* Debug */ = {
			isa = XCBuildConfiguration;
			buildSettings = {
				ALWAYS_EMBED_SWIFT_STANDARD_LIBRARIES = YES;
				CODE_SIGN_STYLE = Automatic;
				DEVELOPMENT_TEAM = CA9PML98UN;
				INFOPLIST_FILE = ZaloAIIntergrationUITests/Info.plist;
				LD_RUNPATH_SEARCH_PATHS = (
					"$(inherited)",
					"@executable_path/Frameworks",
					"@loader_path/Frameworks",
				);
				PRODUCT_BUNDLE_IDENTIFIER = Apple.com.ZaloAIIntergrationUITests;
				PRODUCT_NAME = "$(TARGET_NAME)";
				SWIFT_VERSION = 5.0;
				TARGETED_DEVICE_FAMILY = "1,2";
				TEST_TARGET_NAME = ZaloAIIntergration;
			};
			name = Debug;
		};
		679C7A692660A4BA00FA4F14 /* Release */ = {
			isa = XCBuildConfiguration;
			buildSettings = {
				ALWAYS_EMBED_SWIFT_STANDARD_LIBRARIES = YES;
				CODE_SIGN_STYLE = Automatic;
				DEVELOPMENT_TEAM = CA9PML98UN;
				INFOPLIST_FILE = ZaloAIIntergrationUITests/Info.plist;
				LD_RUNPATH_SEARCH_PATHS = (
					"$(inherited)",
					"@executable_path/Frameworks",
					"@loader_path/Frameworks",
				);
				PRODUCT_BUNDLE_IDENTIFIER = Apple.com.ZaloAIIntergrationUITests;
				PRODUCT_NAME = "$(TARGET_NAME)";
				SWIFT_VERSION = 5.0;
				TARGETED_DEVICE_FAMILY = "1,2";
				TEST_TARGET_NAME = ZaloAIIntergration;
			};
			name = Release;
		};
/* End XCBuildConfiguration section */

/* Begin XCConfigurationList section */
		679C7A2F2660A4B900FA4F14 /* Build configuration list for PBXProject "ZaloAIIntergration" */ = {
			isa = XCConfigurationList;
			buildConfigurations = (
				679C7A5F2660A4BA00FA4F14 /* Debug */,
				679C7A602660A4BA00FA4F14 /* Release */,
			);
			defaultConfigurationIsVisible = 0;
			defaultConfigurationName = Release;
		};
		679C7A612660A4BA00FA4F14 /* Build configuration list for PBXNativeTarget "ZaloAIIntergration" */ = {
			isa = XCConfigurationList;
			buildConfigurations = (
				679C7A622660A4BA00FA4F14 /* Debug */,
				679C7A632660A4BA00FA4F14 /* Release */,
			);
			defaultConfigurationIsVisible = 0;
			defaultConfigurationName = Release;
		};
		679C7A642660A4BA00FA4F14 /* Build configuration list for PBXNativeTarget "ZaloAIIntergrationTests" */ = {
			isa = XCConfigurationList;
			buildConfigurations = (
				679C7A652660A4BA00FA4F14 /* Debug */,
				679C7A662660A4BA00FA4F14 /* Release */,
			);
			defaultConfigurationIsVisible = 0;
			defaultConfigurationName = Release;
		};
		679C7A672660A4BA00FA4F14 /* Build configuration list for PBXNativeTarget "ZaloAIIntergrationUITests" */ = {
			isa = XCConfigurationList;
			buildConfigurations = (
				679C7A682660A4BA00FA4F14 /* Debug */,
				679C7A692660A4BA00FA4F14 /* Release */,
			);
			defaultConfigurationIsVisible = 0;
			defaultConfigurationName = Release;
		};
/* End XCConfigurationList section */

/* Begin XCVersionGroup section */
		679C7A402660A4B900FA4F14 /* ZaloAIIntergration.xcdatamodeld */ = {
			isa = XCVersionGroup;
			children = (
				679C7A412660A4B900FA4F14 /* ZaloAIIntergration.xcdatamodel */,
			);
			currentVersion = 679C7A412660A4B900FA4F14 /* ZaloAIIntergration.xcdatamodel */;
			path = ZaloAIIntergration.xcdatamodeld;
			sourceTree = "<group>";
			versionGroupType = wrapper.xcdatamodel;
		};
/* End XCVersionGroup section */
	};
	rootObject = 679C7A2C2660A4B900FA4F14 /* Project object */;
}
